
Microsoft Visual Studio Solution File, Format Version 12.00
# Visual Studio Version 16
VisualStudioVersion = 16.0.32228.343
MinimumVisualStudioVersion = 10.0.40219.1
Project("{FAE04EC0-301F-11D3-BF4B-00C04F79EFBC}") = "WindowsFormsApp1", "WindowsFormsApp1.csproj", "{0B070DEE-C2B8-4B68-931C-811FC45112BC}"
EndProject
Global
	GlobalSection(SolutionConfigurationPlatforms) = preSolution
		Debug|Any CPU = Debug|Any CPU
		Release|Any CPU = Release|Any CPU
	EndGlobalSection
	GlobalSection(ProjectConfigurationPlatforms) = postSolution
		{0B070DEE-C2B8-4B68-931C-811FC45112BC}.Debug|Any CPU.ActiveCfg = Debug|Any CPU
		{0B070DEE-C2B8-4B68-931C-811FC45112BC}.Debug|Any CPU.Build.0 = Debug|Any CPU
		{0B070DEE-C2B8-4B68-931C-811FC45112BC}.Release|Any CPU.ActiveCfg = Release|Any CPU
		{0B070DEE-C2B8-4B68-931C-811FC45112BC}.Release|Any CPU.Build.0 = Release|Any CPU
	EndGlobalSection
	GlobalSection(SolutionProperties) = preSolution
		HideSolutionNode = FALSE
	EndGlobalSection
	GlobalSection(ExtensibilityGlobals) = postSolution
		SolutionGuid = {2DD7B947-26C6-4220-B9A9-51381A9DBD2E}
	EndGlobalSection
EndGlobal
